<?xml version="1.0" encoding="utf-8"?>
<Project ToolsVersion="4.0" xmlns="http://schemas.microsoft.com/developer/msbuild/2003">
  <ItemGroup>
    <Filter Include="Source Files">
      <UniqueIdentifier>{4FC737F1-C7A5-4376-A066-2A32D752A2FF}</UniqueIdentifier>
      <Extensions>cpp;c;cc;cxx;def;odl;idl;hpj;bat;asm;asmx</Extensions>
    </Filter>
    <Filter Include="Header Files">
      <UniqueIdentifier>{93995380-89BD-4b04-88EB-625FBE52EBFB}</UniqueIdentifier>
      <Extensions>h;hpp;hxx;hm;inl;inc;xsd</Extensions>
    </Filter>
    <Filter Include="Resource Files">
      <UniqueIdentifier>{67DA6AB6-F800-4c08-8B7A-83BB121AAD01}</UniqueIdentifier>
      <Extensions>rc;ico;cur;bmp;dlg;rc2;rct;bin;rgs;gif;jpg;jpeg;jpe;resx;tiff;tif;png;wav;mfcribbon-ms</Extensions>
    </Filter>
    <Filter Include="Resource Files\input_matrices">
      <UniqueIdentifier>{2e7b92b8-6707-4c9b-a40c-87d94abe41c9}</UniqueIdentifier>
    </Filter>
    <Filter Include="Resource Files\output_matrices">
      <UniqueIdentifier>{95a6937b-b1b4-4722-9a17-28aded226221}</UniqueIdentifier>
    </Filter>
    <Filter Include="Resource Files\vectors">
      <UniqueIdentifier>{7aeab9f4-a1e8-42f9-803a-54a7e9a809a9}</UniqueIdentifier>
    </Filter>
  </ItemGroup>
  <ItemGroup>
    <ClCompile Include="main_testing.cpp">
      <Filter>Source Files</Filter>
    </ClCompile>
    <ClCompile Include="std_math\matrix_generators.cpp">
      <Filter>Source Files</Filter>
    </ClCompile>
    <ClCompile Include="to_tex.cpp">
      <Filter>Source Files</Filter>
    </ClCompile>
    <ClCompile Include="std_math\dense_matrices.hpp">
      <Filter>Header Files</Filter>
    </ClCompile>
    <ClCompile Include="std_math\std_math.cpp">
      <Filter>Source Files</Filter>
    </ClCompile>
  </ItemGroup>
  <ItemGroup>
    <ClInclude Include="std_math\matrix_storage_schemes.hpp">
      <Filter>Header Files</Filter>
    </ClInclude>
    <ClInclude Include="std_math\std_math.hpp">
      <Filter>Header Files</Filter>
    </ClInclude>
  </ItemGroup>
  <ItemGroup>
    <None Include="input_matrices\input_matrix_1.txt">
      <Filter>Resource Files\input_matrices</Filter>
    </None>
    <None Include="input_matrices\input_matrix_sor.txt">
      <Filter>Resource Files\input_matrices</Filter>
    </None>
    <None Include="output_matrices\out_matrix_1.mxout">
      <Filter>Resource Files\output_matrices</Filter>
    </None>
    <None Include="output_matrices\out_matrix_2.mxout">
      <Filter>Resource Files\output_matrices</Filter>
    </None>
    <None Include="output_matrices\out_pattern_1.mxout">
      <Filter>Resource Files\output_matrices</Filter>
    </None>
    <None Include="output_matrices\out_pattern_2.mxout">
      <Filter>Resource Files\output_matrices</Filter>
    </None>
    <None Include="saved_vectors\b.vtr">
      <Filter>Resource Files\vectors</Filter>
    </None>
  </ItemGroup>
</Project>